
Microsoft Visual Studio Solution File, Format Version 12.00
# Visual Studio Version 17
VisualStudioVersion = 17.10.35013.160
MinimumVisualStudioVersion = 10.0.40219.1
Project("{FAE04EC0-301F-11D3-BF4B-00C04F79EFBC}") = "DemoTestDelivery", "DemoTestDelivery\DemoTestDelivery.csproj", "{59D265A0-31EC-4488-8A66-63017B9ADDD0}"
EndProject
Global
	GlobalSection(SolutionConfigurationPlatforms) = preSolution
		Debug|Any CPU = Debug|Any CPU
		Release|Any CPU = Release|Any CPU
	EndGlobalSection
	GlobalSection(ProjectConfigurationPlatforms) = postSolution
		{59D265A0-31EC-4488-8A66-63017B9ADDD0}.Debug|Any CPU.ActiveCfg = Debug|Any CPU
		{59D265A0-31EC-4488-8A66-63017B9ADDD0}.Debug|Any CPU.Build.0 = Debug|Any CPU
		{59D265A0-31EC-4488-8A66-63017B9ADDD0}.Release|Any CPU.ActiveCfg = Release|Any CPU
		{59D265A0-31EC-4488-8A66-63017B9ADDD0}.Release|Any CPU.Build.0 = Release|Any CPU
	EndGlobalSection
	GlobalSection(SolutionProperties) = preSolution
		HideSolutionNode = FALSE
	EndGlobalSection
	GlobalSection(ExtensibilityGlobals) = postSolution
		SolutionGuid = {4FCAC4D9-E848-4A63-9673-651299A5C4D6}
	EndGlobalSection
EndGlobal
